
Microsoft Visual Studio Solution File, Format Version 12.00
# Visual Studio 15
VisualStudioVersion = 15.0.26403.7
MinimumVisualStudioVersion = 10.0.40219.1
Project("{FAE04EC0-301F-11D3-BF4B-00C04F79EFBC}") = "topSOSLog.Android", "topSOSLog\topSOSLog.Android\topSOSLog.Android.csproj", "{19F7AC9A-B459-45DB-BB84-651099B5791A}"
EndProject
Project("{FAE04EC0-301F-11D3-BF4B-00C04F79EFBC}") = "topSOSLog", "topSOSLog\topSOSLog\topSOSLog.csproj", "{8EB08AD9-1F1C-4E54-A0D5-E3FB3A5AD673}"
EndProject
Project("{FAE04EC0-301F-11D3-BF4B-00C04F79EFBC}") = "topSOSLog.UWP", "topSOSLog\topSOSLog.UWP\topSOSLog.UWP.csproj", "{92926A37-90EA-430F-B92E-31249912473E}"
EndProject
Project("{FAE04EC0-301F-11D3-BF4B-00C04F79EFBC}") = "topSOSLog.iOS", "topSOSLog\topSOSLog.iOS\topSOSLog.iOS.csproj", "{015D7621-0649-44ED-9F90-7EFA228A0BC2}"
EndProject
Global
	GlobalSection(SolutionConfigurationPlatforms) = preSolution
		Ad-Hoc|Any CPU = Ad-Hoc|Any CPU
		Ad-Hoc|ARM = Ad-Hoc|ARM
		Ad-Hoc|iPhone = Ad-Hoc|iPhone
		Ad-Hoc|iPhoneSimulator = Ad-Hoc|iPhoneSimulator
		Ad-Hoc|x64 = Ad-Hoc|x64
		Ad-Hoc|x86 = Ad-Hoc|x86
		AppStore|Any CPU = AppStore|Any CPU
		AppStore|ARM = AppStore|ARM
		AppStore|iPhone = AppStore|iPhone
		AppStore|iPhoneSimulator = AppStore|iPhoneSimulator
		AppStore|x64 = AppStore|x64
		AppStore|x86 = AppStore|x86
		Debug|Any CPU = Debug|Any CPU
		Debug|ARM = Debug|ARM
		Debug|iPhone = Debug|iPhone
		Debug|iPhoneSimulator = Debug|iPhoneSimulator
		Debug|x64 = Debug|x64
		Debug|x86 = Debug|x86
		Release|Any CPU = Release|Any CPU
		Release|ARM = Release|ARM
		Release|iPhone = Release|iPhone
		Release|iPhoneSimulator = Release|iPhoneSimulator
		Release|x64 = Release|x64
		Release|x86 = Release|x86
	EndGlobalSection
	GlobalSection(ProjectConfigurationPlatforms) = postSolution
		{19F7AC9A-B459-45DB-BB84-651099B5791A}.Ad-Hoc|Any CPU.ActiveCfg = Release|Any CPU
		{19F7AC9A-B459-45DB-BB84-651099B5791A}.Ad-Hoc|Any CPU.Build.0 = Release|Any CPU
		{19F7AC9A-B459-45DB-BB84-651099B5791A}.Ad-Hoc|Any CPU.Deploy.0 = Release|Any CPU
		{19F7AC9A-B459-45DB-BB84-651099B5791A}.Ad-Hoc|ARM.ActiveCfg = Release|Any CPU
		{19F7AC9A-B459-45DB-BB84-651099B5791A}.Ad-Hoc|ARM.Build.0 = Release|Any CPU
		{19F7AC9A-B459-45DB-BB84-651099B5791A}.Ad-Hoc|ARM.Deploy.0 = Release|Any CPU
		{19F7AC9A-B459-45DB-BB84-651099B5791A}.Ad-Hoc|iPhone.ActiveCfg = Release|Any CPU
		{19F7AC9A-B459-45DB-BB84-651099B5791A}.Ad-Hoc|iPhone.Build.0 = Release|Any CPU
		{19F7AC9A-B459-45DB-BB84-651099B5791A}.Ad-Hoc|iPhone.Deploy.0 = Release|Any CPU
		{19F7AC9A-B459-45DB-BB84-651099B5791A}.Ad-Hoc|iPhoneSimulator.ActiveCfg = Release|Any CPU
		{19F7AC9A-B459-45DB-BB84-651099B5791A}.Ad-Hoc|iPhoneSimulator.Build.0 = Release|Any CPU
		{19F7AC9A-B459-45DB-BB84-651099B5791A}.Ad-Hoc|iPhoneSimulator.Deploy.0 = Release|Any CPU
		{19F7AC9A-B459-45DB-BB84-651099B5791A}.Ad-Hoc|x64.ActiveCfg = Release|Any CPU
		{19F7AC9A-B459-45DB-BB84-651099B5791A}.Ad-Hoc|x64.Build.0 = Release|Any CPU
		{19F7AC9A-B459-45DB-BB84-651099B5791A}.Ad-Hoc|x64.Deploy.0 = Release|Any CPU
		{19F7AC9A-B459-45DB-BB84-651099B5791A}.Ad-Hoc|x86.ActiveCfg = Release|Any CPU
		{19F7AC9A-B459-45DB-BB84-651099B5791A}.Ad-Hoc|x86.Build.0 = Release|Any CPU
		{19F7AC9A-B459-45DB-BB84-651099B5791A}.Ad-Hoc|x86.Deploy.0 = Release|Any CPU
		{19F7AC9A-B459-45DB-BB84-651099B5791A}.AppStore|Any CPU.ActiveCfg = Release|Any CPU
		{19F7AC9A-B459-45DB-BB84-651099B5791A}.AppStore|Any CPU.Build.0 = Release|Any CPU
		{19F7AC9A-B459-45DB-BB84-651099B5791A}.AppStore|Any CPU.Deploy.0 = Release|Any CPU
		{19F7AC9A-B459-45DB-BB84-651099B5791A}.AppStore|ARM.ActiveCfg = Release|Any CPU
		{19F7AC9A-B459-45DB-BB84-651099B5791A}.AppStore|ARM.Build.0 = Release|Any CPU
		{19F7AC9A-B459-45DB-BB84-651099B5791A}.AppStore|ARM.Deploy.0 = Release|Any CPU
		{19F7AC9A-B459-45DB-BB84-651099B5791A}.AppStore|iPhone.ActiveCfg = Release|Any CPU
		{19F7AC9A-B459-45DB-BB84-651099B5791A}.AppStore|iPhone.Build.0 = Release|Any CPU
		{19F7AC9A-B459-45DB-BB84-651099B5791A}.AppStore|iPhone.Deploy.0 = Release|Any CPU
		{19F7AC9A-B459-45DB-BB84-651099B5791A}.AppStore|iPhoneSimulator.ActiveCfg = Release|Any CPU
		{19F7AC9A-B459-45DB-BB84-651099B5791A}.AppStore|iPhoneSimulator.Build.0 = Release|Any CPU
		{19F7AC9A-B459-45DB-BB84-651099B5791A}.AppStore|iPhoneSimulator.Deploy.0 = Release|Any CPU
		{19F7AC9A-B459-45DB-BB84-651099B5791A}.AppStore|x64.ActiveCfg = Release|Any CPU
		{19F7AC9A-B459-45DB-BB84-651099B5791A}.AppStore|x64.Build.0 = Release|Any CPU
		{19F7AC9A-B459-45DB-BB84-651099B5791A}.AppStore|x64.Deploy.0 = Release|Any CPU
		{19F7AC9A-B459-45DB-BB84-651099B5791A}.AppStore|x86.ActiveCfg = Release|Any CPU
		{19F7AC9A-B459-45DB-BB84-651099B5791A}.AppStore|x86.Build.0 = Release|Any CPU
		{19F7AC9A-B459-45DB-BB84-651099B5791A}.AppStore|x86.Deploy.0 = Release|Any CPU
		{19F7AC9A-B459-45DB-BB84-651099B5791A}.Debug|Any CPU.ActiveCfg = Debug|Any CPU
		{19F7AC9A-B459-45DB-BB84-651099B5791A}.Debug|Any CPU.Build.0 = Debug|Any CPU
		{19F7AC9A-B459-45DB-BB84-651099B5791A}.Debug|Any CPU.Deploy.0 = Debug|Any CPU
		{19F7AC9A-B459-45DB-BB84-651099B5791A}.Debug|ARM.ActiveCfg = Debug|Any CPU
		{19F7AC9A-B459-45DB-BB84-651099B5791A}.Debug|ARM.Build.0 = Debug|Any CPU
		{19F7AC9A-B459-45DB-BB84-651099B5791A}.Debug|ARM.Deploy.0 = Debug|Any CPU
		{19F7AC9A-B459-45DB-BB84-651099B5791A}.Debug|iPhone.ActiveCfg = Debug|Any CPU
		{19F7AC9A-B459-45DB-BB84-651099B5791A}.Debug|iPhone.Build.0 = Debug|Any CPU
		{19F7AC9A-B459-45DB-BB84-651099B5791A}.Debug|iPhone.Deploy.0 = Debug|Any CPU
		{19F7AC9A-B459-45DB-BB84-651099B5791A}.Debug|iPhoneSimulator.ActiveCfg = Debug|Any CPU
		{19F7AC9A-B459-45DB-BB84-651099B5791A}.Debug|iPhoneSimulator.Build.0 = Debug|Any CPU
		{19F7AC9A-B459-45DB-BB84-651099B5791A}.Debug|iPhoneSimulator.Deploy.0 = Debug|Any CPU
		{19F7AC9A-B459-45DB-BB84-651099B5791A}.Debug|x64.ActiveCfg = Debug|Any CPU
		{19F7AC9A-B459-45DB-BB84-651099B5791A}.Debug|x64.Build.0 = Debug|Any CPU
		{19F7AC9A-B459-45DB-BB84-651099B5791A}.Debug|x64.Deploy.0 = Debug|Any CPU
		{19F7AC9A-B459-45DB-BB84-651099B5791A}.Debug|x86.ActiveCfg = Debug|Any CPU
		{19F7AC9A-B459-45DB-BB84-651099B5791A}.Debug|x86.Build.0 = Debug|Any CPU
		{19F7AC9A-B459-45DB-BB84-651099B5791A}.Debug|x86.Deploy.0 = Debug|Any CPU
		{19F7AC9A-B459-45DB-BB84-651099B5791A}.Release|Any CPU.ActiveCfg = Release|Any CPU
		{19F7AC9A-B459-45DB-BB84-651099B5791A}.Release|Any CPU.Build.0 = Release|Any CPU
		{19F7AC9A-B459-45DB-BB84-651099B5791A}.Release|Any CPU.Deploy.0 = Release|Any CPU
		{19F7AC9A-B459-45DB-BB84-651099B5791A}.Release|ARM.ActiveCfg = Release|Any CPU
		{19F7AC9A-B459-45DB-BB84-651099B5791A}.Release|ARM.Build.0 = Release|Any CPU
		{19F7AC9A-B459-45DB-BB84-651099B5791A}.Release|ARM.Deploy.0 = Release|Any CPU
		{19F7AC9A-B459-45DB-BB84-651099B5791A}.Release|iPhone.ActiveCfg = Release|Any CPU
		{19F7AC9A-B459-45DB-BB84-651099B5791A}.Release|iPhone.Build.0 = Release|Any CPU
		{19F7AC9A-B459-45DB-BB84-651099B5791A}.Release|iPhone.Deploy.0 = Release|Any CPU
		{19F7AC9A-B459-45DB-BB84-651099B5791A}.Release|iPhoneSimulator.ActiveCfg = Release|Any CPU
		{19F7AC9A-B459-45DB-BB84-651099B5791A}.Release|iPhoneSimulator.Build.0 = Release|Any CPU
		{19F7AC9A-B459-45DB-BB84-651099B5791A}.Release|iPhoneSimulator.Deploy.0 = Release|Any CPU
		{19F7AC9A-B459-45DB-BB84-651099B5791A}.Release|x64.ActiveCfg = Release|Any CPU
		{19F7AC9A-B459-45DB-BB84-651099B5791A}.Release|x64.Build.0 = Release|Any CPU
		{19F7AC9A-B459-45DB-BB84-651099B5791A}.Release|x64.Deploy.0 = Release|Any CPU
		{19F7AC9A-B459-45DB-BB84-651099B5791A}.Release|x86.ActiveCfg = Release|Any CPU
		{19F7AC9A-B459-45DB-BB84-651099B5791A}.Release|x86.Build.0 = Release|Any CPU
		{19F7AC9A-B459-45DB-BB84-651099B5791A}.Release|x86.Deploy.0 = Release|Any CPU
		{8EB08AD9-1F1C-4E54-A0D5-E3FB3A5AD673}.Ad-Hoc|Any CPU.ActiveCfg = Release|Any CPU
		{8EB08AD9-1F1C-4E54-A0D5-E3FB3A5AD673}.Ad-Hoc|Any CPU.Build.0 = Release|Any CPU
		{8EB08AD9-1F1C-4E54-A0D5-E3FB3A5AD673}.Ad-Hoc|ARM.ActiveCfg = Release|Any CPU
		{8EB08AD9-1F1C-4E54-A0D5-E3FB3A5AD673}.Ad-Hoc|ARM.Build.0 = Release|Any CPU
		{8EB08AD9-1F1C-4E54-A0D5-E3FB3A5AD673}.Ad-Hoc|iPhone.ActiveCfg = Release|Any CPU
		{8EB08AD9-1F1C-4E54-A0D5-E3FB3A5AD673}.Ad-Hoc|iPhone.Build.0 = Release|Any CPU
		{8EB08AD9-1F1C-4E54-A0D5-E3FB3A5AD673}.Ad-Hoc|iPhoneSimulator.ActiveCfg = Release|Any CPU
		{8EB08AD9-1F1C-4E54-A0D5-E3FB3A5AD673}.Ad-Hoc|iPhoneSimulator.Build.0 = Release|Any CPU
		{8EB08AD9-1F1C-4E54-A0D5-E3FB3A5AD673}.Ad-Hoc|x64.ActiveCfg = Release|Any CPU
		{8EB08AD9-1F1C-4E54-A0D5-E3FB3A5AD673}.Ad-Hoc|x64.Build.0 = Release|Any CPU
		{8EB08AD9-1F1C-4E54-A0D5-E3FB3A5AD673}.Ad-Hoc|x86.ActiveCfg = Release|Any CPU
		{8EB08AD9-1F1C-4E54-A0D5-E3FB3A5AD673}.Ad-Hoc|x86.Build.0 = Release|Any CPU
		{8EB08AD9-1F1C-4E54-A0D5-E3FB3A5AD673}.AppStore|Any CPU.ActiveCfg = Release|Any CPU
		{8EB08AD9-1F1C-4E54-A0D5-E3FB3A5AD673}.AppStore|Any CPU.Build.0 = Release|Any CPU
		{8EB08AD9-1F1C-4E54-A0D5-E3FB3A5AD673}.AppStore|ARM.ActiveCfg = Release|Any CPU
		{8EB08AD9-1F1C-4E54-A0D5-E3FB3A5AD673}.AppStore|ARM.Build.0 = Release|Any CPU
		{8EB08AD9-1F1C-4E54-A0D5-E3FB3A5AD673}.AppStore|iPhone.ActiveCfg = Release|Any CPU
		{8EB08AD9-1F1C-4E54-A0D5-E3FB3A5AD673}.AppStore|iPhone.Build.0 = Release|Any CPU
		{8EB08AD9-1F1C-4E54-A0D5-E3FB3A5AD673}.AppStore|iPhoneSimulator.ActiveCfg = Release|Any CPU
		{8EB08AD9-1F1C-4E54-A0D5-E3FB3A5AD673}.AppStore|iPhoneSimulator.Build.0 = Release|Any CPU
		{8EB08AD9-1F1C-4E54-A0D5-E3FB3A5AD673}.AppStore|x64.ActiveCfg = Release|Any CPU
		{8EB08AD9-1F1C-4E54-A0D5-E3FB3A5AD673}.AppStore|x64.Build.0 = Release|Any CPU
		{8EB08AD9-1F1C-4E54-A0D5-E3FB3A5AD673}.AppStore|x86.ActiveCfg = Release|Any CPU
		{8EB08AD9-1F1C-4E54-A0D5-E3FB3A5AD673}.AppStore|x86.Build.0 = Release|Any CPU
		{8EB08AD9-1F1C-4E54-A0D5-E3FB3A5AD673}.Debug|Any CPU.ActiveCfg = Debug|Any CPU
		{8EB08AD9-1F1C-4E54-A0D5-E3FB3A5AD673}.Debug|Any CPU.Build.0 = Debug|Any CPU
		{8EB08AD9-1F1C-4E54-A0D5-E3FB3A5AD673}.Debug|ARM.ActiveCfg = Debug|Any CPU
		{8EB08AD9-1F1C-4E54-A0D5-E3FB3A5AD673}.Debug|ARM.Build.0 = Debug|Any CPU
		{8EB08AD9-1F1C-4E54-A0D5-E3FB3A5AD673}.Debug|iPhone.ActiveCfg = Debug|Any CPU
		{8EB08AD9-1F1C-4E54-A0D5-E3FB3A5AD673}.Debug|iPhone.Build.0 = Debug|Any CPU
		{8EB08AD9-1F1C-4E54-A0D5-E3FB3A5AD673}.Debug|iPhoneSimulator.ActiveCfg = Debug|Any CPU
		{8EB08AD9-1F1C-4E54-A0D5-E3FB3A5AD673}.Debug|iPhoneSimulator.Build.0 = Debug|Any CPU
		{8EB08AD9-1F1C-4E54-A0D5-E3FB3A5AD673}.Debug|x64.ActiveCfg = Debug|Any CPU
		{8EB08AD9-1F1C-4E54-A0D5-E3FB3A5AD673}.Debug|x64.Build.0 = Debug|Any CPU
		{8EB08AD9-1F1C-4E54-A0D5-E3FB3A5AD673}.Debug|x86.ActiveCfg = Debug|Any CPU
		{8EB08AD9-1F1C-4E54-A0D5-E3FB3A5AD673}.Debug|x86.Build.0 = Debug|Any CPU
		{8EB08AD9-1F1C-4E54-A0D5-E3FB3A5AD673}.Release|Any CPU.ActiveCfg = Release|Any CPU
		{8EB08AD9-1F1C-4E54-A0D5-E3FB3A5AD673}.Release|Any CPU.Build.0 = Release|Any CPU
		{8EB08AD9-1F1C-4E54-A0D5-E3FB3A5AD673}.Release|ARM.ActiveCfg = Release|Any CPU
		{8EB08AD9-1F1C-4E54-A0D5-E3FB3A5AD673}.Release|ARM.Build.0 = Release|Any CPU
		{8EB08AD9-1F1C-4E54-A0D5-E3FB3A5AD673}.Release|iPhone.ActiveCfg = Release|Any CPU
		{8EB08AD9-1F1C-4E54-A0D5-E3FB3A5AD673}.Release|iPhone.Build.0 = Release|Any CPU
		{8EB08AD9-1F1C-4E54-A0D5-E3FB3A5AD673}.Release|iPhoneSimulator.ActiveCfg = Release|Any CPU
		{8EB08AD9-1F1C-4E54-A0D5-E3FB3A5AD673}.Release|iPhoneSimulator.Build.0 = Release|Any CPU
		{8EB08AD9-1F1C-4E54-A0D5-E3FB3A5AD673}.Release|x64.ActiveCfg = Release|Any CPU
		{8EB08AD9-1F1C-4E54-A0D5-E3FB3A5AD673}.Release|x64.Build.0 = Release|Any CPU
		{8EB08AD9-1F1C-4E54-A0D5-E3FB3A5AD673}.Release|x86.ActiveCfg = Release|Any CPU
		{8EB08AD9-1F1C-4E54-A0D5-E3FB3A5AD673}.Release|x86.Build.0 = Release|Any CPU
		{92926A37-90EA-430F-B92E-31249912473E}.Ad-Hoc|Any CPU.ActiveCfg = Release|x86
		{92926A37-90EA-430F-B92E-31249912473E}.Ad-Hoc|Any CPU.Build.0 = Release|x86
		{92926A37-90EA-430F-B92E-31249912473E}.Ad-Hoc|Any CPU.Deploy.0 = Release|x86
		{92926A37-90EA-430F-B92E-31249912473E}.Ad-Hoc|ARM.ActiveCfg = Release|ARM
		{92926A37-90EA-430F-B92E-31249912473E}.Ad-Hoc|ARM.Build.0 = Release|ARM
		{92926A37-90EA-430F-B92E-31249912473E}.Ad-Hoc|ARM.Deploy.0 = Release|ARM
		{92926A37-90EA-430F-B92E-31249912473E}.Ad-Hoc|iPhone.ActiveCfg = Release|x86
		{92926A37-90EA-430F-B92E-31249912473E}.Ad-Hoc|iPhone.Build.0 = Release|x86
		{92926A37-90EA-430F-B92E-31249912473E}.Ad-Hoc|iPhone.Deploy.0 = Release|x86
		{92926A37-90EA-430F-B92E-31249912473E}.Ad-Hoc|iPhoneSimulator.ActiveCfg = Release|x86
		{92926A37-90EA-430F-B92E-31249912473E}.Ad-Hoc|iPhoneSimulator.Build.0 = Release|x86
		{92926A37-90EA-430F-B92E-31249912473E}.Ad-Hoc|iPhoneSimulator.Deploy.0 = Release|x86
		{92926A37-90EA-430F-B92E-31249912473E}.Ad-Hoc|x64.ActiveCfg = Release|x64
		{92926A37-90EA-430F-B92E-31249912473E}.Ad-Hoc|x64.Build.0 = Release|x64
		{92926A37-90EA-430F-B92E-31249912473E}.Ad-Hoc|x64.Deploy.0 = Release|x64
		{92926A37-90EA-430F-B92E-31249912473E}.Ad-Hoc|x86.ActiveCfg = Release|x86
		{92926A37-90EA-430F-B92E-31249912473E}.Ad-Hoc|x86.Build.0 = Release|x86
		{92926A37-90EA-430F-B92E-31249912473E}.Ad-Hoc|x86.Deploy.0 = Release|x86
		{92926A37-90EA-430F-B92E-31249912473E}.AppStore|Any CPU.ActiveCfg = Release|x86
		{92926A37-90EA-430F-B92E-31249912473E}.AppStore|Any CPU.Build.0 = Release|x86
		{92926A37-90EA-430F-B92E-31249912473E}.AppStore|Any CPU.Deploy.0 = Release|x86
		{92926A37-90EA-430F-B92E-31249912473E}.AppStore|ARM.ActiveCfg = Release|ARM
		{92926A37-90EA-430F-B92E-31249912473E}.AppStore|ARM.Build.0 = Release|ARM
		{92926A37-90EA-430F-B92E-31249912473E}.AppStore|ARM.Deploy.0 = Release|ARM
		{92926A37-90EA-430F-B92E-31249912473E}.AppStore|iPhone.ActiveCfg = Release|x86
		{92926A37-90EA-430F-B92E-31249912473E}.AppStore|iPhone.Build.0 = Release|x86
		{92926A37-90EA-430F-B92E-31249912473E}.AppStore|iPhone.Deploy.0 = Release|x86
		{92926A37-90EA-430F-B92E-31249912473E}.AppStore|iPhoneSimulator.ActiveCfg = Release|x86
		{92926A37-90EA-430F-B92E-31249912473E}.AppStore|iPhoneSimulator.Build.0 = Release|x86
		{92926A37-90EA-430F-B92E-31249912473E}.AppStore|iPhoneSimulator.Deploy.0 = Release|x86
		{92926A37-90EA-430F-B92E-31249912473E}.AppStore|x64.ActiveCfg = Release|x64
		{92926A37-90EA-430F-B92E-31249912473E}.AppStore|x64.Build.0 = Release|x64
		{92926A37-90EA-430F-B92E-31249912473E}.AppStore|x64.Deploy.0 = Release|x64
		{92926A37-90EA-430F-B92E-31249912473E}.AppStore|x86.ActiveCfg = Release|x86
		{92926A37-90EA-430F-B92E-31249912473E}.AppStore|x86.Build.0 = Release|x86
		{92926A37-90EA-430F-B92E-31249912473E}.AppStore|x86.Deploy.0 = Release|x86
		{92926A37-90EA-430F-B92E-31249912473E}.Debug|Any CPU.ActiveCfg = Debug|x86
		{92926A37-90EA-430F-B92E-31249912473E}.Debug|ARM.ActiveCfg = Debug|ARM
		{92926A37-90EA-430F-B92E-31249912473E}.Debug|ARM.Build.0 = Debug|ARM
		{92926A37-90EA-430F-B92E-31249912473E}.Debug|ARM.Deploy.0 = Debug|ARM
		{92926A37-90EA-430F-B92E-31249912473E}.Debug|iPhone.ActiveCfg = Debug|x86
		{92926A37-90EA-430F-B92E-31249912473E}.Debug|iPhoneSimulator.ActiveCfg = Debug|x86
		{92926A37-90EA-430F-B92E-31249912473E}.Debug|x64.ActiveCfg = Debug|x64
		{92926A37-90EA-430F-B92E-31249912473E}.Debug|x64.Build.0 = Debug|x64
		{92926A37-90EA-430F-B92E-31249912473E}.Debug|x64.Deploy.0 = Debug|x64
		{92926A37-90EA-430F-B92E-31249912473E}.Debug|x86.ActiveCfg = Debug|x86
		{92926A37-90EA-430F-B92E-31249912473E}.Debug|x86.Build.0 = Debug|x86
		{92926A37-90EA-430F-B92E-31249912473E}.Debug|x86.Deploy.0 = Debug|x86
		{92926A37-90EA-430F-B92E-31249912473E}.Release|Any CPU.ActiveCfg = Release|x86
		{92926A37-90EA-430F-B92E-31249912473E}.Release|ARM.ActiveCfg = Release|ARM
		{92926A37-90EA-430F-B92E-31249912473E}.Release|ARM.Build.0 = Release|ARM
		{92926A37-90EA-430F-B92E-31249912473E}.Release|ARM.Deploy.0 = Release|ARM
		{92926A37-90EA-430F-B92E-31249912473E}.Release|iPhone.ActiveCfg = Release|x86
		{92926A37-90EA-430F-B92E-31249912473E}.Release|iPhoneSimulator.ActiveCfg = Release|x86
		{92926A37-90EA-430F-B92E-31249912473E}.Release|x64.ActiveCfg = Release|x64
		{92926A37-90EA-430F-B92E-31249912473E}.Release|x64.Build.0 = Release|x64
		{92926A37-90EA-430F-B92E-31249912473E}.Release|x64.Deploy.0 = Release|x64
		{92926A37-90EA-430F-B92E-31249912473E}.Release|x86.ActiveCfg = Release|x86
		{92926A37-90EA-430F-B92E-31249912473E}.Release|x86.Build.0 = Release|x86
		{92926A37-90EA-430F-B92E-31249912473E}.Release|x86.Deploy.0 = Release|x86
		{015D7621-0649-44ED-9F90-7EFA228A0BC2}.Ad-Hoc|Any CPU.ActiveCfg = Ad-Hoc|iPhone
		{015D7621-0649-44ED-9F90-7EFA228A0BC2}.Ad-Hoc|ARM.ActiveCfg = Ad-Hoc|iPhone
		{015D7621-0649-44ED-9F90-7EFA228A0BC2}.Ad-Hoc|iPhone.ActiveCfg = Ad-Hoc|iPhone
		{015D7621-0649-44ED-9F90-7EFA228A0BC2}.Ad-Hoc|iPhone.Build.0 = Ad-Hoc|iPhone
		{015D7621-0649-44ED-9F90-7EFA228A0BC2}.Ad-Hoc|iPhoneSimulator.ActiveCfg = Ad-Hoc|iPhoneSimulator
		{015D7621-0649-44ED-9F90-7EFA228A0BC2}.Ad-Hoc|iPhoneSimulator.Build.0 = Ad-Hoc|iPhoneSimulator
		{015D7621-0649-44ED-9F90-7EFA228A0BC2}.Ad-Hoc|x64.ActiveCfg = Ad-Hoc|iPhone
		{015D7621-0649-44ED-9F90-7EFA228A0BC2}.Ad-Hoc|x86.ActiveCfg = Ad-Hoc|iPhone
		{015D7621-0649-44ED-9F90-7EFA228A0BC2}.AppStore|Any CPU.ActiveCfg = AppStore|iPhone
		{015D7621-0649-44ED-9F90-7EFA228A0BC2}.AppStore|ARM.ActiveCfg = AppStore|iPhone
		{015D7621-0649-44ED-9F90-7EFA228A0BC2}.AppStore|iPhone.ActiveCfg = AppStore|iPhone
		{015D7621-0649-44ED-9F90-7EFA228A0BC2}.AppStore|iPhone.Build.0 = AppStore|iPhone
		{015D7621-0649-44ED-9F90-7EFA228A0BC2}.AppStore|iPhoneSimulator.ActiveCfg = AppStore|iPhoneSimulator
		{015D7621-0649-44ED-9F90-7EFA228A0BC2}.AppStore|iPhoneSimulator.Build.0 = AppStore|iPhoneSimulator
		{015D7621-0649-44ED-9F90-7EFA228A0BC2}.AppStore|x64.ActiveCfg = AppStore|iPhone
		{015D7621-0649-44ED-9F90-7EFA228A0BC2}.AppStore|x86.ActiveCfg = AppStore|iPhone
		{015D7621-0649-44ED-9F90-7EFA228A0BC2}.Debug|Any CPU.ActiveCfg = Debug|iPhone
		{015D7621-0649-44ED-9F90-7EFA228A0BC2}.Debug|ARM.ActiveCfg = Debug|iPhone
		{015D7621-0649-44ED-9F90-7EFA228A0BC2}.Debug|iPhone.ActiveCfg = Debug|iPhone
		{015D7621-0649-44ED-9F90-7EFA228A0BC2}.Debug|iPhone.Build.0 = Debug|iPhone
		{015D7621-0649-44ED-9F90-7EFA228A0BC2}.Debug|iPhoneSimulator.ActiveCfg = Debug|iPhoneSimulator
		{015D7621-0649-44ED-9F90-7EFA228A0BC2}.Debug|iPhoneSimulator.Build.0 = Debug|iPhoneSimulator
		{015D7621-0649-44ED-9F90-7EFA228A0BC2}.Debug|x64.ActiveCfg = Debug|iPhone
		{015D7621-0649-44ED-9F90-7EFA228A0BC2}.Debug|x86.ActiveCfg = Debug|iPhone
		{015D7621-0649-44ED-9F90-7EFA228A0BC2}.Release|Any CPU.ActiveCfg = Release|iPhone
		{015D7621-0649-44ED-9F90-7EFA228A0BC2}.Release|ARM.ActiveCfg = Release|iPhone
		{015D7621-0649-44ED-9F90-7EFA228A0BC2}.Release|iPhone.ActiveCfg = Release|iPhone
		{015D7621-0649-44ED-9F90-7EFA228A0BC2}.Release|iPhone.Build.0 = Release|iPhone
		{015D7621-0649-44ED-9F90-7EFA228A0BC2}.Release|iPhoneSimulator.ActiveCfg = Release|iPhoneSimulator
		{015D7621-0649-44ED-9F90-7EFA228A0BC2}.Release|iPhoneSimulator.Build.0 = Release|iPhoneSimulator
		{015D7621-0649-44ED-9F90-7EFA228A0BC2}.Release|x64.ActiveCfg = Release|iPhone
		{015D7621-0649-44ED-9F90-7EFA228A0BC2}.Release|x86.ActiveCfg = Release|iPhone
	EndGlobalSection
	GlobalSection(SolutionProperties) = preSolution
		HideSolutionNode = FALSE
	EndGlobalSection
EndGlobal
